
Microsoft Visual Studio Solution File, Format Version 12.00
# Visual Studio Version 17
VisualStudioVersion = 17.9.34714.143
MinimumVisualStudioVersion = 10.0.40219.1
Project("{FAE04EC0-301F-11D3-BF4B-00C04F79EFBC}") = "drawing_app", "drawing_app.csproj", "{8F7E72E3-E229-4869-BE77-6CA4F8FCE7E5}"
EndProject
Global
	GlobalSection(SolutionConfigurationPlatforms) = preSolution
		Debug|Any CPU = Debug|Any CPU
		Release|Any CPU = Release|Any CPU
	EndGlobalSection
	GlobalSection(ProjectConfigurationPlatforms) = postSolution
		{8F7E72E3-E229-4869-BE77-6CA4F8FCE7E5}.Debug|Any CPU.ActiveCfg = Debug|Any CPU
		{8F7E72E3-E229-4869-BE77-6CA4F8FCE7E5}.Debug|Any CPU.Build.0 = Debug|Any CPU
		{8F7E72E3-E229-4869-BE77-6CA4F8FCE7E5}.Release|Any CPU.ActiveCfg = Release|Any CPU
		{8F7E72E3-E229-4869-BE77-6CA4F8FCE7E5}.Release|Any CPU.Build.0 = Release|Any CPU
	EndGlobalSection
	GlobalSection(SolutionProperties) = preSolution
		HideSolutionNode = FALSE
	EndGlobalSection
	GlobalSection(ExtensibilityGlobals) = postSolution
		SolutionGuid = {1EB99269-D34B-477E-9A78-7AFF75151EDE}
	EndGlobalSection
EndGlobal
