
Microsoft Visual Studio Solution File, Format Version 12.00
# Visual Studio Version 17
VisualStudioVersion = 17.8.34408.163
MinimumVisualStudioVersion = 10.0.40219.1
Project("{FAE04EC0-301F-11D3-BF4B-00C04F79EFBC}") = "Ovning_8", "Ovning_8\Ovning_8.csproj", "{1AB3D9E0-2C48-4C07-AEC4-CCF248C86349}"
EndProject
Global
	GlobalSection(SolutionConfigurationPlatforms) = preSolution
		Debug|Any CPU = Debug|Any CPU
		Release|Any CPU = Release|Any CPU
	EndGlobalSection
	GlobalSection(ProjectConfigurationPlatforms) = postSolution
		{1AB3D9E0-2C48-4C07-AEC4-CCF248C86349}.Debug|Any CPU.ActiveCfg = Debug|Any CPU
		{1AB3D9E0-2C48-4C07-AEC4-CCF248C86349}.Debug|Any CPU.Build.0 = Debug|Any CPU
		{1AB3D9E0-2C48-4C07-AEC4-CCF248C86349}.Release|Any CPU.ActiveCfg = Release|Any CPU
		{1AB3D9E0-2C48-4C07-AEC4-CCF248C86349}.Release|Any CPU.Build.0 = Release|Any CPU
	EndGlobalSection
	GlobalSection(SolutionProperties) = preSolution
		HideSolutionNode = FALSE
	EndGlobalSection
	GlobalSection(ExtensibilityGlobals) = postSolution
		SolutionGuid = {603134C8-DDC6-46A1-BF59-798194F7771F}
	EndGlobalSection
EndGlobal
