
Microsoft Visual Studio Solution File, Format Version 12.00
# Visual Studio Version 17
VisualStudioVersion = 17.9.34622.214
MinimumVisualStudioVersion = 10.0.40219.1
Project("{FAE04EC0-301F-11D3-BF4B-00C04F79EFBC}") = "tower_dense", "tower_dense.csproj", "{5A297BAB-C135-40B6-BC2E-D2185CDAD6AC}"
EndProject
Global
	GlobalSection(SolutionConfigurationPlatforms) = preSolution
		Debug|Any CPU = Debug|Any CPU
		Release|Any CPU = Release|Any CPU
	EndGlobalSection
	GlobalSection(ProjectConfigurationPlatforms) = postSolution
		{5A297BAB-C135-40B6-BC2E-D2185CDAD6AC}.Debug|Any CPU.ActiveCfg = Debug|Any CPU
		{5A297BAB-C135-40B6-BC2E-D2185CDAD6AC}.Debug|Any CPU.Build.0 = Debug|Any CPU
		{5A297BAB-C135-40B6-BC2E-D2185CDAD6AC}.Release|Any CPU.ActiveCfg = Release|Any CPU
		{5A297BAB-C135-40B6-BC2E-D2185CDAD6AC}.Release|Any CPU.Build.0 = Release|Any CPU
	EndGlobalSection
	GlobalSection(SolutionProperties) = preSolution
		HideSolutionNode = FALSE
	EndGlobalSection
	GlobalSection(ExtensibilityGlobals) = postSolution
		SolutionGuid = {532343EC-7C5D-40C4-93B9-6E9AC6B3DFF5}
	EndGlobalSection
EndGlobal
